
Microsoft Visual Studio Solution File, Format Version 11.00
# Visual Studio 2010
Project("{E24C65DC-7377-472B-9ABA-BC803B73C61A}") = "RDRSHR", "D:\Development\VS-2010\RDRSHR\", "{4FC64F8A-F56A-4FDD-8207-628B98DC6ECC}"
	ProjectSection(WebsiteProperties) = preProject
		Frontpage = "false"
		TargetFrameworkMoniker = ".NETFramework,Version%3Dv4.0"
		ProjectReferences = "{27A78B56-511D-4A23-BF31-B624C36618E5}|Base.Security.dll;"
		Debug.AspNetCompiler.VirtualPath = "/RDRSHR"
		Debug.AspNetCompiler.PhysicalPath = "..\RDRSHR\"
		Debug.AspNetCompiler.TargetPath = "PrecompiledWeb\RDRSHR\"
		Debug.AspNetCompiler.Updateable = "true"
		Debug.AspNetCompiler.ForceOverwrite = "true"
		Debug.AspNetCompiler.FixedNames = "false"
		Debug.AspNetCompiler.Debug = "True"
		Release.AspNetCompiler.VirtualPath = "/RDRSHR"
		Release.AspNetCompiler.PhysicalPath = "..\RDRSHR\"
		Release.AspNetCompiler.TargetPath = "PrecompiledWeb\RDRSHR\"
		Release.AspNetCompiler.Updateable = "true"
		Release.AspNetCompiler.ForceOverwrite = "true"
		Release.AspNetCompiler.FixedNames = "false"
		Release.AspNetCompiler.Debug = "False"
		VWDPort = "46815"
	EndProjectSection
EndProject
Project("{FAE04EC0-301F-11D3-BF4B-00C04F79EFBC}") = "Base.Security", "..\RDRSHRLib\Base.Security\Base.Security.csproj", "{27A78B56-511D-4A23-BF31-B624C36618E5}"
EndProject
Global
	GlobalSection(SolutionConfigurationPlatforms) = preSolution
		Debug|Any CPU = Debug|Any CPU
		Release|Any CPU = Release|Any CPU
	EndGlobalSection
	GlobalSection(ProjectConfigurationPlatforms) = postSolution
		{4FC64F8A-F56A-4FDD-8207-628B98DC6ECC}.Debug|Any CPU.ActiveCfg = Debug|Any CPU
		{4FC64F8A-F56A-4FDD-8207-628B98DC6ECC}.Debug|Any CPU.Build.0 = Debug|Any CPU
		{4FC64F8A-F56A-4FDD-8207-628B98DC6ECC}.Release|Any CPU.ActiveCfg = Debug|Any CPU
		{4FC64F8A-F56A-4FDD-8207-628B98DC6ECC}.Release|Any CPU.Build.0 = Debug|Any CPU
		{27A78B56-511D-4A23-BF31-B624C36618E5}.Debug|Any CPU.ActiveCfg = Debug|Any CPU
		{27A78B56-511D-4A23-BF31-B624C36618E5}.Debug|Any CPU.Build.0 = Debug|Any CPU
		{27A78B56-511D-4A23-BF31-B624C36618E5}.Release|Any CPU.ActiveCfg = Release|Any CPU
		{27A78B56-511D-4A23-BF31-B624C36618E5}.Release|Any CPU.Build.0 = Release|Any CPU
	EndGlobalSection
	GlobalSection(SolutionProperties) = preSolution
		HideSolutionNode = FALSE
	EndGlobalSection
EndGlobal
