
Microsoft Visual Studio Solution File, Format Version 12.00
# Visual Studio 14
VisualStudioVersion = 14.0.25420.1
MinimumVisualStudioVersion = 10.0.40219.1
Project("{E24C65DC-7377-472B-9ABA-BC803B73C61A}") = "RDRSHR(1)", "D:\Development\VS-2010\RDRSHR\", "{4FC64F8A-F56A-4FDD-8207-628B98DC6ECC}"
	ProjectSection(WebsiteProperties) = preProject
		TargetFrameworkMoniker = ".NETFramework,Version%3Dv4.0"
		ProjectReferences = "{27a78b56-511d-4a23-bf31-b624c36618e5}|Base.Repository.dll;"
		Debug.AspNetCompiler.VirtualPath = "/RDRSHR"
		Debug.AspNetCompiler.PhysicalPath = "..\..\..\VS-2010\RDRSHR\"
		Debug.AspNetCompiler.TargetPath = "PrecompiledWeb\RDRSHR\"
		Debug.AspNetCompiler.Updateable = "true"
		Debug.AspNetCompiler.ForceOverwrite = "true"
		Debug.AspNetCompiler.FixedNames = "false"
		Debug.AspNetCompiler.Debug = "True"
		Release.AspNetCompiler.VirtualPath = "/RDRSHR"
		Release.AspNetCompiler.PhysicalPath = "..\..\..\VS-2010\RDRSHR\"
		Release.AspNetCompiler.TargetPath = "PrecompiledWeb\RDRSHR\"
		Release.AspNetCompiler.Updateable = "true"
		Release.AspNetCompiler.ForceOverwrite = "true"
		Release.AspNetCompiler.FixedNames = "false"
		Release.AspNetCompiler.Debug = "False"
		VWDPort = "46815"
		SlnRelativePath = "..\..\..\VS-2010\RDRSHR\"
	EndProjectSection
EndProject
Project("{FAE04EC0-301F-11D3-BF4B-00C04F79EFBC}") = "Base.Repository", "..\RDRSHRLib\Base.Security\Base.Repository.csproj", "{27A78B56-511D-4A23-BF31-B624C36618E5}"
EndProject
Global
	GlobalSection(SolutionConfigurationPlatforms) = preSolution
		Debug|Any CPU = Debug|Any CPU
		Release|Any CPU = Release|Any CPU
	EndGlobalSection
	GlobalSection(ProjectConfigurationPlatforms) = postSolution
		{4FC64F8A-F56A-4FDD-8207-628B98DC6ECC}.Debug|Any CPU.ActiveCfg = Debug|Any CPU
		{4FC64F8A-F56A-4FDD-8207-628B98DC6ECC}.Debug|Any CPU.Build.0 = Debug|Any CPU
		{4FC64F8A-F56A-4FDD-8207-628B98DC6ECC}.Release|Any CPU.ActiveCfg = Debug|Any CPU
		{4FC64F8A-F56A-4FDD-8207-628B98DC6ECC}.Release|Any CPU.Build.0 = Debug|Any CPU
		{27A78B56-511D-4A23-BF31-B624C36618E5}.Debug|Any CPU.ActiveCfg = Debug|Any CPU
		{27A78B56-511D-4A23-BF31-B624C36618E5}.Debug|Any CPU.Build.0 = Debug|Any CPU
		{27A78B56-511D-4A23-BF31-B624C36618E5}.Release|Any CPU.ActiveCfg = Release|Any CPU
		{27A78B56-511D-4A23-BF31-B624C36618E5}.Release|Any CPU.Build.0 = Release|Any CPU
	EndGlobalSection
	GlobalSection(SolutionProperties) = preSolution
		HideSolutionNode = FALSE
	EndGlobalSection
EndGlobal
